
Microsoft Visual Studio Solution File, Format Version 12.00
# Visual Studio Version 17
VisualStudioVersion = 17.8.34408.163
MinimumVisualStudioVersion = 10.0.40219.1
Project("{FAE04EC0-301F-11D3-BF4B-00C04F79EFBC}") = "GameFrameWorkLibrary", "GameFrameWorkLibrary.csproj", "{727269E0-C875-4249-93CE-AF316E5BAB30}"
EndProject
Global
	GlobalSection(SolutionConfigurationPlatforms) = preSolution
		Debug|Any CPU = Debug|Any CPU
		Release|Any CPU = Release|Any CPU
	EndGlobalSection
	GlobalSection(ProjectConfigurationPlatforms) = postSolution
		{727269E0-C875-4249-93CE-AF316E5BAB30}.Debug|Any CPU.ActiveCfg = Debug|Any CPU
		{727269E0-C875-4249-93CE-AF316E5BAB30}.Debug|Any CPU.Build.0 = Debug|Any CPU
		{727269E0-C875-4249-93CE-AF316E5BAB30}.Release|Any CPU.ActiveCfg = Release|Any CPU
		{727269E0-C875-4249-93CE-AF316E5BAB30}.Release|Any CPU.Build.0 = Release|Any CPU
	EndGlobalSection
	GlobalSection(SolutionProperties) = preSolution
		HideSolutionNode = FALSE
	EndGlobalSection
	GlobalSection(ExtensibilityGlobals) = postSolution
		SolutionGuid = {EE4E3DE5-BAE5-4ABB-A83C-2E4B61228210}
	EndGlobalSection
EndGlobal
